PODS:
  - Hero (0.3.3)
  - MBProgressHUD (1.0.0)
  - NSObject+Rx (2.0.0):
    - RxSwift
  - RxCocoa (3.2.0):
    - RxSwift (~> 3.1)
  - RxSwift (3.2.0)
  - ZHPopupView (0.1.1)

DEPENDENCIES:
  - Hero
  - MBProgressHUD (~> 1.0.0)
  - NSObject+Rx
  - RxCocoa (~> 3.0)
  - RxSwift (~> 3.0)
  - ZHPopupView

SPEC CHECKSUMS:
  Hero: bee4e762e84185b16a902dd11335c119515bb912
  MBProgressHUD: 4890f671c94e8a0f3cf959aa731e9de2f036d71a
  NSObject+Rx: 2a9cd801d9c847e6d2486cbad8d7701b67834e70
  RxCocoa: ccdf43101a70407097a29082f648ba1676075b30
  RxSwift: 46574f70d416b7923c237195939cc488a7fbf3a0
  ZHPopupView: cb3bedde775803c2c51e3db05cdd07ac6efaaaeb

PODFILE CHECKSUM: 2d2dc8262a8cbf7563f4375f47a7a28d06228dd5

COCOAPODS: 1.2.0
