PODS:
  - ChameleonFramework/Default (2.1.0)
  - ChameleonFramework/Swift (2.1.0):
    - ChameleonFramework/Default
  - Hero (0.3.3)
  - NSObject+Rx (2.0.0):
    - RxSwift
  - RxBlocking (3.2.0):
    - RxSwift (~> 3.1)
  - RxCocoa (3.2.0):
    - RxSwift (~> 3.1)
  - RxSwift (3.2.0)
  - RxTest (3.2.0):
    - RxSwift (~> 3.0)
  - Spring (1.0.3)
  - SwiftHamcrest (1.0.0)

DEPENDENCIES:
  - ChameleonFramework/Swift (from `https://github.com/ViccAlexander/Chameleon.git`)
  - Hero
  - NSObject+Rx
  - RxBlocking (~> 3.0)
  - RxCocoa (~> 3.0)
  - RxSwift (~> 3.0)
  - RxTest (~> 3.0)
  - Spring (from `https://github.com/MengTo/Spring.git`, branch `swift3`)
  - SwiftHamcrest (~> 1.0.0)

EXTERNAL SOURCES:
  ChameleonFramework:
    :git: https://github.com/ViccAlexander/Chameleon.git
  Spring:
    :branch: swift3
    :git: https://github.com/MengTo/Spring.git

CHECKOUT OPTIONS:
  ChameleonFramework:
    :commit: acc480fbe023c6e5fe40f68593f4a70a8c4c7ad5
    :git: https://github.com/ViccAlexander/Chameleon.git
  Spring:
    :commit: 3a9227c6e9157e7b47f5ac1ee5abab2a56b50002
    :git: https://github.com/MengTo/Spring.git

SPEC CHECKSUMS:
  ChameleonFramework: d21a3cc247abfe5e37609a283a8238b03575cf64
  Hero: bee4e762e84185b16a902dd11335c119515bb912
  NSObject+Rx: 2a9cd801d9c847e6d2486cbad8d7701b67834e70
  RxBlocking: ec8ed471ba77b4fb98a2d60f1f8419b0b46eaa23
  RxCocoa: ccdf43101a70407097a29082f648ba1676075b30
  RxSwift: 46574f70d416b7923c237195939cc488a7fbf3a0
  RxTest: 85fdd6f753e8e62635a58d37bbdd3ce7d5abbef3
  Spring: 3f02b5dc3308572ef177b3cad0fa7bbc4b0706f7
  SwiftHamcrest: c08689aaa05168b346dbb6791a717183cdd66a25

PODFILE CHECKSUM: 51352149a13bc5795d080192ce60f31c943efb4d

COCOAPODS: 1.2.0
